// !$*UTF8*$!
{
	archiveVersion = 1;
	classes = {
	};
	objectVersion = 52;
	objects = {

/* Begin PBXBuildFile section */
		97D366CA270CD97300806238 /* MusicAppApp.swift in Sources */ = {isa = PBXBuildFile; fileRef = 97D366C9270CD97300806238 /* MusicAppApp.swift */; };
		97D366CC270CD97300806238 /* ContentView.swift in Sources */ = {isa = PBXBuildFile; fileRef = 97D366CB270CD97300806238 /* ContentView.swift */; };
		97D366CE270CD97700806238 /* Assets.xcassets in Resources */ = {isa = PBXBuildFile; fileRef = 97D366CD270CD97700806238 /* Assets.xcassets */; };
		97D366D1270CD97700806238 /* Preview Assets.xcassets in Resources */ = {isa = PBXBuildFile; fileRef = 97D366D0270CD97700806238 /* Preview Assets.xcassets */; };
		97D366E1270CE9D100806238 /* Music.swift in Sources */ = {isa = PBXBuildFile; fileRef = 97D366E0270CE9D100806238 /* Music.swift */; };
		97D366E3270CE9FD00806238 /* ContentViewModel.swift in Sources */ = {isa = PBXBuildFile; fileRef = 97D366E2270CE9FD00806238 /* ContentViewModel.swift */; };
		97F4C4E0281DC0410029B919 /* tiraram.mp3 in Resources */ = {isa = PBXBuildFile; fileRef = 97F4C4DF281DC0410029B919 /* tiraram.mp3 */; };
		97F4C4E2281DC0BD0029B919 /* weWillSing.mp3 in Resources */ = {isa = PBXBuildFile; fileRef = 97F4C4E1281DC0BD0029B919 /* weWillSing.mp3 */; };
		97F4C4E4281DC1920029B919 /* allahAllah.mp3 in Resources */ = {isa = PBXBuildFile; fileRef = 97F4C4E3281DC1920029B919 /* allahAllah.mp3 */; };
		97F4C4E7281DC2F70029B919 /* mid.json in Resources */ = {isa = PBXBuildFile; fileRef = 97F4C4E6281DC2F70029B919 /* mid.json */; };
		97F4C4ED281DC3590029B919 /* LottieView.swift in Sources */ = {isa = PBXBuildFile; fileRef = 97F4C4EC281DC3590029B919 /* LottieView.swift */; };
		97F4C4F0281DC3A50029B919 /* Lottie in Frameworks */ = {isa = PBXBuildFile; productRef = 97F4C4EF281DC3A50029B919 /* Lottie */; };
		97F4C4F2281DC4190029B919 /* right.json in Resources */ = {isa = PBXBuildFile; fileRef = 97F4C4F1281DC4190029B919 /* right.json */; };
		97F4C4F4281DC4A00029B919 /* left.json in Resources */ = {isa = PBXBuildFile; fileRef = 97F4C4F3281DC4A00029B919 /* left.json */; };
		97F4C4F6281DC5450029B919 /* aleidHalHelalah.mp3 in Resources */ = {isa = PBXBuildFile; fileRef = 97F4C4F5281DC5450029B919 /* aleidHalHelalah.mp3 */; };
		97F4C4F8281DC6380029B919 /* yaEid.mp3 in Resources */ = {isa = PBXBuildFile; fileRef = 97F4C4F7281DC6380029B919 /* yaEid.mp3 */; };
		97F4C4FB281DE5CF0029B919 /* Color.swift in Sources */ = {isa = PBXBuildFile; fileRef = 97F4C4FA281DE5CE0029B919 /* Color.swift */; };
		97F4C4FE281DE8780029B919 /* ButtonShape.swift in Sources */ = {isa = PBXBuildFile; fileRef = 97F4C4FD281DE8780029B919 /* ButtonShape.swift */; };
/* End PBXBuildFile section */

/* Begin PBXFileReference section */
		97D366C6270CD97300806238 /* MusicApp.app */ = {isa = PBXFileReference; explicitFileType = wrapper.application; includeInIndex = 0; path = MusicApp.app; sourceTree = BUILT_PRODUCTS_DIR; };
		97D366C9270CD97300806238 /* MusicAppApp.swift */ = {isa = PBXFileReference; lastKnownFileType = sourcecode.swift; path = MusicAppApp.swift; sourceTree = "<group>"; };
		97D366CB270CD97300806238 /* ContentView.swift */ = {isa = PBXFileReference; lastKnownFileType = sourcecode.swift; path = ContentView.swift; sourceTree = "<group>"; };
		97D366CD270CD97700806238 /* Assets.xcassets */ = {isa = PBXFileReference; lastKnownFileType = folder.assetcatalog; path = Assets.xcassets; sourceTree = "<group>"; };
		97D366D0270CD97700806238 /* Preview Assets.xcassets */ = {isa = PBXFileReference; lastKnownFileType = folder.assetcatalog; path = "Preview Assets.xcassets"; sourceTree = "<group>"; };
		97D366D2270CD97700806238 /* Info.plist */ = {isa = PBXFileReference; lastKnownFileType = text.plist.xml; path = Info.plist; sourceTree = "<group>"; };
		97D366E0270CE9D100806238 /* Music.swift */ = {isa = PBXFileReference; lastKnownFileType = sourcecode.swift; path = Music.swift; sourceTree = "<group>"; };
		97D366E2270CE9FD00806238 /* ContentViewModel.swift */ = {isa = PBXFileReference; lastKnownFileType = sourcecode.swift; path = ContentViewModel.swift; sourceTree = "<group>"; };
		97F4C4DF281DC0410029B919 /* tiraram.mp3 */ = {isa = PBXFileReference; lastKnownFileType = audio.mp3; path = tiraram.mp3; sourceTree = "<group>"; };
		97F4C4E1281DC0BD0029B919 /* weWillSing.mp3 */ = {isa = PBXFileReference; lastKnownFileType = audio.mp3; path = weWillSing.mp3; sourceTree = "<group>"; };
		97F4C4E3281DC1920029B919 /* allahAllah.mp3 */ = {isa = PBXFileReference; lastKnownFileType = audio.mp3; path = allahAllah.mp3; sourceTree = "<group>"; };
		97F4C4E6281DC2F70029B919 /* mid.json */ = {isa = PBXFileReference; fileEncoding = 4; lastKnownFileType = text.json; path = mid.json; sourceTree = "<group>"; };
		97F4C4EC281DC3590029B919 /* LottieView.swift */ = {isa = PBXFileReference; lastKnownFileType = sourcecode.swift; path = LottieView.swift; sourceTree = "<group>"; };
		97F4C4F1281DC4190029B919 /* right.json */ = {isa = PBXFileReference; fileEncoding = 4; lastKnownFileType = text.json; path = right.json; sourceTree = "<group>"; };
		97F4C4F3281DC4A00029B919 /* left.json */ = {isa = PBXFileReference; fileEncoding = 4; lastKnownFileType = text.json; path = left.json; sourceTree = "<group>"; };
		97F4C4F5281DC5450029B919 /* aleidHalHelalah.mp3 */ = {isa = PBXFileReference; lastKnownFileType = audio.mp3; path = aleidHalHelalah.mp3; sourceTree = "<group>"; };
		97F4C4F7281DC6380029B919 /* yaEid.mp3 */ = {isa = PBXFileReference; lastKnownFileType = audio.mp3; path = yaEid.mp3; sourceTree = "<group>"; };
		97F4C4FA281DE5CE0029B919 /* Color.swift */ = {isa = PBXFileReference; lastKnownFileType = sourcecode.swift; path = Color.swift; sourceTree = "<group>"; };
		97F4C4FD281DE8780029B919 /* ButtonShape.swift */ = {isa = PBXFileReference; lastKnownFileType = sourcecode.swift; path = ButtonShape.swift; sourceTree = "<group>"; };
/* End PBXFileReference section */

/* Begin PBXFrameworksBuildPhase section */
		97D366C3270CD97300806238 /* Frameworks */ = {
			isa = PBXFrameworksBuildPhase;
			buildActionMask = 2147483647;
			files = (
				97F4C4F0281DC3A50029B919 /* Lottie in Frameworks */,
			);
			runOnlyForDeploymentPostprocessing = 0;
		};
/* End PBXFrameworksBuildPhase section */

/* Begin PBXGroup section */
		97D366BD270CD97300806238 = {
			isa = PBXGroup;
			children = (
				97D366C8270CD97300806238 /* MusicApp */,
				97D366C7270CD97300806238 /* Products */,
			);
			sourceTree = "<group>";
		};
		97D366C7270CD97300806238 /* Products */ = {
			isa = PBXGroup;
			children = (
				97D366C6270CD97300806238 /* MusicApp.app */,
			);
			name = Products;
			sourceTree = "<group>";
		};
		97D366C8270CD97300806238 /* MusicApp */ = {
			isa = PBXGroup;
			children = (
				97D366C9270CD97300806238 /* MusicAppApp.swift */,
				97D366E7270CEAC400806238 /* Resources */,
				97F4C4E5281DC2EB0029B919 /* Lottie */,
				97D366E6270CEAB800806238 /* Models */,
				97D366E4270CEA9000806238 /* Views */,
				97F4C4F9281DE5C00029B919 /* Extensions */,
				97F4C4FC281DE8650029B919 /* Components */,
				97D366CD270CD97700806238 /* Assets.xcassets */,
				97D366D2270CD97700806238 /* Info.plist */,
				97D366CF270CD97700806238 /* Preview Content */,
			);
			path = MusicApp;
			sourceTree = "<group>";
		};
		97D366CF270CD97700806238 /* Preview Content */ = {
			isa = PBXGroup;
			children = (
				97D366D0270CD97700806238 /* Preview Assets.xcassets */,
			);
			path = "Preview Content";
			sourceTree = "<group>";
		};
		97D366E4270CEA9000806238 /* Views */ = {
			isa = PBXGroup;
			children = (
				97F4C4EC281DC3590029B919 /* LottieView.swift */,
				97D366E5270CEA9600806238 /* ContentView */,
			);
			path = Views;
			sourceTree = "<group>";
		};
		97D366E5270CEA9600806238 /* ContentView */ = {
			isa = PBXGroup;
			children = (
				97D366CB270CD97300806238 /* ContentView.swift */,
				97D366E2270CE9FD00806238 /* ContentViewModel.swift */,
			);
			path = ContentView;
			sourceTree = "<group>";
		};
		97D366E6270CEAB800806238 /* Models */ = {
			isa = PBXGroup;
			children = (
				97D366E0270CE9D100806238 /* Music.swift */,
			);
			path = Models;
			sourceTree = "<group>";
		};
		97D366E7270CEAC400806238 /* Resources */ = {
			isa = PBXGroup;
			children = (
				97F4C4DF281DC0410029B919 /* tiraram.mp3 */,
				97F4C4E3281DC1920029B919 /* allahAllah.mp3 */,
				97F4C4E1281DC0BD0029B919 /* weWillSing.mp3 */,
				97F4C4F5281DC5450029B919 /* aleidHalHelalah.mp3 */,
				97F4C4F7281DC6380029B919 /* yaEid.mp3 */,
			);
			path = Resources;
			sourceTree = "<group>";
		};
		97F4C4E5281DC2EB0029B919 /* Lottie */ = {
			isa = PBXGroup;
			children = (
				97F4C4F3281DC4A00029B919 /* left.json */,
				97F4C4E6281DC2F70029B919 /* mid.json */,
				97F4C4F1281DC4190029B919 /* right.json */,
			);
			path = Lottie;
			sourceTree = "<group>";
		};
		97F4C4F9281DE5C00029B919 /* Extensions */ = {
			isa = PBXGroup;
			children = (
				97F4C4FA281DE5CE0029B919 /* Color.swift */,
			);
			path = Extensions;
			sourceTree = "<group>";
		};
		97F4C4FC281DE8650029B919 /* Components */ = {
			isa = PBXGroup;
			children = (
				97F4C4FD281DE8780029B919 /* ButtonShape.swift */,
			);
			path = Components;
			sourceTree = "<group>";
		};
/* End PBXGroup section */

/* Begin PBXNativeTarget section */
		97D366C5270CD97300806238 /* MusicApp */ = {
			isa = PBXNativeTarget;
			buildConfigurationList = 97D366D5270CD97700806238 /* Build configuration list for PBXNativeTarget "MusicApp" */;
			buildPhases = (
				97D366C2270CD97300806238 /* Sources */,
				97D366C3270CD97300806238 /* Frameworks */,
				97D366C4270CD97300806238 /* Resources */,
			);
			buildRules = (
			);
			dependencies = (
			);
			name = MusicApp;
			packageProductDependencies = (
				97F4C4EF281DC3A50029B919 /* Lottie */,
			);
			productName = MusicApp;
			productReference = 97D366C6270CD97300806238 /* MusicApp.app */;
			productType = "com.apple.product-type.application";
		};
/* End PBXNativeTarget section */

/* Begin PBXProject section */
		97D366BE270CD97300806238 /* Project object */ = {
			isa = PBXProject;
			attributes = {
				LastSwiftUpdateCheck = 1250;
				LastUpgradeCheck = 1250;
				TargetAttributes = {
					97D366C5270CD97300806238 = {
						CreatedOnToolsVersion = 12.5.1;
					};
				};
			};
			buildConfigurationList = 97D366C1270CD97300806238 /* Build configuration list for PBXProject "MusicApp" */;
			compatibilityVersion = "Xcode 9.3";
			developmentRegion = en;
			hasScannedForEncodings = 0;
			knownRegions = (
				en,
				Base,
			);
			mainGroup = 97D366BD270CD97300806238;
			packageReferences = (
				97F4C4EE281DC3A50029B919 /* XCRemoteSwiftPackageReference "lottie-ios" */,
			);
			productRefGroup = 97D366C7270CD97300806238 /* Products */;
			projectDirPath = "";
			projectRoot = "";
			targets = (
				97D366C5270CD97300806238 /* MusicApp */,
			);
		};
/* End PBXProject section */

/* Begin PBXResourcesBuildPhase section */
		97D366C4270CD97300806238 /* Resources */ = {
			isa = PBXResourcesBuildPhase;
			buildActionMask = 2147483647;
			files = (
				97F4C4E2281DC0BD0029B919 /* weWillSing.mp3 in Resources */,
				97F4C4F4281DC4A00029B919 /* left.json in Resources */,
				97F4C4E0281DC0410029B919 /* tiraram.mp3 in Resources */,
				97F4C4E4281DC1920029B919 /* allahAllah.mp3 in Resources */,
				97F4C4F8281DC6380029B919 /* yaEid.mp3 in Resources */,
				97D366D1270CD97700806238 /* Preview Assets.xcassets in Resources */,
				97F4C4F6281DC5450029B919 /* aleidHalHelalah.mp3 in Resources */,
				97F4C4E7281DC2F70029B919 /* mid.json in Resources */,
				97D366CE270CD97700806238 /* Assets.xcassets in Resources */,
				97F4C4F2281DC4190029B919 /* right.json in Resources */,
			);
			runOnlyForDeploymentPostprocessing = 0;
		};
/* End PBXResourcesBuildPhase section */

/* Begin PBXSourcesBuildPhase section */
		97D366C2270CD97300806238 /* Sources */ = {
			isa = PBXSourcesBuildPhase;
			buildActionMask = 2147483647;
			files = (
				97D366CC270CD97300806238 /* ContentView.swift in Sources */,
				97D366CA270CD97300806238 /* MusicAppApp.swift in Sources */,
				97F4C4ED281DC3590029B919 /* LottieView.swift in Sources */,
				97D366E1270CE9D100806238 /* Music.swift in Sources */,
				97D366E3270CE9FD00806238 /* ContentViewModel.swift in Sources */,
				97F4C4FE281DE8780029B919 /* ButtonShape.swift in Sources */,
				97F4C4FB281DE5CF0029B919 /* Color.swift in Sources */,
			);
			runOnlyForDeploymentPostprocessing = 0;
		};
/* End PBXSourcesBuildPhase section */

/* Begin XCBuildConfiguration section */
		97D366D3270CD97700806238 /* Debug */ = {
			isa = XCBuildConfiguration;
			buildSettings = {
				ALWAYS_SEARCH_USER_PATHS = NO;
				CLANG_ANALYZER_NONNULL = YES;
				CLANG_ANALYZER_NUMBER_OBJECT_CONVERSION = YES_AGGRESSIVE;
				CLANG_CXX_LANGUAGE_STANDARD = "gnu++14";
				CLANG_CXX_LIBRARY = "libc++";
				CLANG_ENABLE_MODULES = YES;
				CLANG_ENABLE_OBJC_ARC = YES;
				CLANG_ENABLE_OBJC_WEAK = YES;
				CLANG_WARN_BLOCK_CAPTURE_AUTORELEASING = YES;
				CLANG_WARN_BOOL_CONVERSION = YES;
				CLANG_WARN_COMMA = YES;
				CLANG_WARN_CONSTANT_CONVERSION = YES;
				CLANG_WARN_DEPRECATED_OBJC_IMPLEMENTATIONS = YES;
				CLANG_WARN_DIRECT_OBJC_ISA_USAGE = YES_ERROR;
				CLANG_WARN_DOCUMENTATION_COMMENTS = YES;
				CLANG_WARN_EMPTY_BODY = YES;
				CLANG_WARN_ENUM_CONVERSION = YES;
				CLANG_WARN_INFINITE_RECURSION = YES;
				CLANG_WARN_INT_CONVERSION = YES;
				CLANG_WARN_NON_LITERAL_NULL_CONVERSION = YES;
				CLANG_WARN_OBJC_IMPLICIT_RETAIN_SELF = YES;
				CLANG_WARN_OBJC_LITERAL_CONVERSION = YES;
				CLANG_WARN_OBJC_ROOT_CLASS = YES_ERROR;
				CLANG_WARN_QUOTED_INCLUDE_IN_FRAMEWORK_HEADER = YES;
				CLANG_WARN_RANGE_LOOP_ANALYSIS = YES;
				CLANG_WARN_STRICT_PROTOTYPES = YES;
				CLANG_WARN_SUSPICIOUS_MOVE = YES;
				CLANG_WARN_UNGUARDED_AVAILABILITY = YES_AGGRESSIVE;
				CLANG_WARN_UNREACHABLE_CODE = YES;
				CLANG_WARN__DUPLICATE_METHOD_MATCH = YES;
				COPY_PHASE_STRIP = NO;
				DEBUG_INFORMATION_FORMAT = dwarf;
				ENABLE_STRICT_OBJC_MSGSEND = YES;
				ENABLE_TESTABILITY = YES;
				GCC_C_LANGUAGE_STANDARD = gnu11;
				GCC_DYNAMIC_NO_PIC = NO;
				GCC_NO_COMMON_BLOCKS = YES;
				GCC_OPTIMIZATION_LEVEL = 0;
				GCC_PREPROCESSOR_DEFINITIONS = (
					"DEBUG=1",
					"$(inherited)",
				);
				GCC_WARN_64_TO_32_BIT_CONVERSION = YES;
				GCC_WARN_ABOUT_RETURN_TYPE = YES_ERROR;
				GCC_WARN_UNDECLARED_SELECTOR = YES;
				GCC_WARN_UNINITIALIZED_AUTOS = YES_AGGRESSIVE;
				GCC_WARN_UNUSED_FUNCTION = YES;
				GCC_WARN_UNUSED_VARIABLE = YES;
				IPHONEOS_DEPLOYMENT_TARGET = 14.5;
				MTL_ENABLE_DEBUG_INFO = INCLUDE_SOURCE;
				MTL_FAST_MATH = YES;
				ONLY_ACTIVE_ARCH = YES;
				SDKROOT = iphoneos;
				SWIFT_ACTIVE_COMPILATION_CONDITIONS = DEBUG;
				SWIFT_OPTIMIZATION_LEVEL = "-Onone";
			};
			name = Debug;
		};
		97D366D4270CD97700806238 /* Release */ = {
			isa = XCBuildConfiguration;
			buildSettings = {
				ALWAYS_SEARCH_USER_PATHS = NO;
				CLANG_ANALYZER_NONNULL = YES;
				CLANG_ANALYZER_NUMBER_OBJECT_CONVERSION = YES_AGGRESSIVE;
				CLANG_CXX_LANGUAGE_STANDARD = "gnu++14";
				CLANG_CXX_LIBRARY = "libc++";
				CLANG_ENABLE_MODULES = YES;
				CLANG_ENABLE_OBJC_ARC = YES;
				CLANG_ENABLE_OBJC_WEAK = YES;
				CLANG_WARN_BLOCK_CAPTURE_AUTORELEASING = YES;
				CLANG_WARN_BOOL_CONVERSION = YES;
				CLANG_WARN_COMMA = YES;
				CLANG_WARN_CONSTANT_CONVERSION = YES;
				CLANG_WARN_DEPRECATED_OBJC_IMPLEMENTATIONS = YES;
				CLANG_WARN_DIRECT_OBJC_ISA_USAGE = YES_ERROR;
				CLANG_WARN_DOCUMENTATION_COMMENTS = YES;
				CLANG_WARN_EMPTY_BODY = YES;
				CLANG_WARN_ENUM_CONVERSION = YES;
				CLANG_WARN_INFINITE_RECURSION = YES;
				CLANG_WARN_INT_CONVERSION = YES;
				CLANG_WARN_NON_LITERAL_NULL_CONVERSION = YES;
				CLANG_WARN_OBJC_IMPLICIT_RETAIN_SELF = YES;
				CLANG_WARN_OBJC_LITERAL_CONVERSION = YES;
				CLANG_WARN_OBJC_ROOT_CLASS = YES_ERROR;
				CLANG_WARN_QUOTED_INCLUDE_IN_FRAMEWORK_HEADER = YES;
				CLANG_WARN_RANGE_LOOP_ANALYSIS = YES;
				CLANG_WARN_STRICT_PROTOTYPES = YES;
				CLANG_WARN_SUSPICIOUS_MOVE = YES;
				CLANG_WARN_UNGUARDED_AVAILABILITY = YES_AGGRESSIVE;
				CLANG_WARN_UNREACHABLE_CODE = YES;
				CLANG_WARN__DUPLICATE_METHOD_MATCH = YES;
				COPY_PHASE_STRIP = NO;
				DEBUG_INFORMATION_FORMAT = "dwarf-with-dsym";
				ENABLE_NS_ASSERTIONS = NO;
				ENABLE_STRICT_OBJC_MSGSEND = YES;
				GCC_C_LANGUAGE_STANDARD = gnu11;
				GCC_NO_COMMON_BLOCKS = YES;
				GCC_WARN_64_TO_32_BIT_CONVERSION = YES;
				GCC_WARN_ABOUT_RETURN_TYPE = YES_ERROR;
				GCC_WARN_UNDECLARED_SELECTOR = YES;
				GCC_WARN_UNINITIALIZED_AUTOS = YES_AGGRESSIVE;
				GCC_WARN_UNUSED_FUNCTION = YES;
				GCC_WARN_UNUSED_VARIABLE = YES;
				IPHONEOS_DEPLOYMENT_TARGET = 14.5;
				MTL_ENABLE_DEBUG_INFO = NO;
				MTL_FAST_MATH = YES;
				SDKROOT = iphoneos;
				SWIFT_COMPILATION_MODE = wholemodule;
				SWIFT_OPTIMIZATION_LEVEL = "-O";
				VALIDATE_PRODUCT = YES;
			};
			name = Release;
		};
		97D366D6270CD97700806238 /* Debug */ = {
			isa = XCBuildConfiguration;
			buildSettings = {
				ASSETCATALOG_COMPILER_APPICON_NAME = AppIcon;
				ASSETCATALOG_COMPILER_GLOBAL_ACCENT_COLOR_NAME = AccentColor;
				CODE_SIGN_STYLE = Automatic;
				DEVELOPMENT_ASSET_PATHS = "\"MusicApp/Preview Content\"";
				DEVELOPMENT_TEAM = C89Y3B6NMY;
				ENABLE_PREVIEWS = YES;
				INFOPLIST_FILE = MusicApp/Info.plist;
				IPHONEOS_DEPLOYMENT_TARGET = 14.0;
				LD_RUNPATH_SEARCH_PATHS = (
					"$(inherited)",
					"@executable_path/Frameworks",
				);
				PRODUCT_BUNDLE_IDENTIFIER = com.hussain.MusicApp;
				PRODUCT_NAME = "$(TARGET_NAME)";
				SWIFT_VERSION = 5.0;
				TARGETED_DEVICE_FAMILY = 1;
			};
			name = Debug;
		};
		97D366D7270CD97700806238 /* Release */ = {
			isa = XCBuildConfiguration;
			buildSettings = {
				ASSETCATALOG_COMPILER_APPICON_NAME = AppIcon;
				ASSETCATALOG_COMPILER_GLOBAL_ACCENT_COLOR_NAME = AccentColor;
				CODE_SIGN_STYLE = Automatic;
				DEVELOPMENT_ASSET_PATHS = "\"MusicApp/Preview Content\"";
				DEVELOPMENT_TEAM = C89Y3B6NMY;
				ENABLE_PREVIEWS = YES;
				INFOPLIST_FILE = MusicApp/Info.plist;
				IPHONEOS_DEPLOYMENT_TARGET = 14.0;
				LD_RUNPATH_SEARCH_PATHS = (
					"$(inherited)",
					"@executable_path/Frameworks",
				);
				PRODUCT_BUNDLE_IDENTIFIER = com.hussain.MusicApp;
				PRODUCT_NAME = "$(TARGET_NAME)";
				SWIFT_VERSION = 5.0;
				TARGETED_DEVICE_FAMILY = 1;
			};
			name = Release;
		};
/* End XCBuildConfiguration section */

/* Begin XCConfigurationList section */
		97D366C1270CD97300806238 /* Build configuration list for PBXProject "MusicApp" */ = {
			isa = XCConfigurationList;
			buildConfigurations = (
				97D366D3270CD97700806238 /* Debug */,
				97D366D4270CD97700806238 /* Release */,
			);
			defaultConfigurationIsVisible = 0;
			defaultConfigurationName = Release;
		};
		97D366D5270CD97700806238 /* Build configuration list for PBXNativeTarget "MusicApp" */ = {
			isa = XCConfigurationList;
			buildConfigurations = (
				97D366D6270CD97700806238 /* Debug */,
				97D366D7270CD97700806238 /* Release */,
			);
			defaultConfigurationIsVisible = 0;
			defaultConfigurationName = Release;
		};
/* End XCConfigurationList section */

/* Begin XCRemoteSwiftPackageReference section */
		97F4C4EE281DC3A50029B919 /* XCRemoteSwiftPackageReference "lottie-ios" */ = {
			isa = XCRemoteSwiftPackageReference;
			repositoryURL = "https://github.com/airbnb/lottie-ios";
			requirement = {
				kind = upToNextMajorVersion;
				minimumVersion = 3.0.0;
			};
		};
/* End XCRemoteSwiftPackageReference section */

/* Begin XCSwiftPackageProductDependency section */
		97F4C4EF281DC3A50029B919 /* Lottie */ = {
			isa = XCSwiftPackageProductDependency;
			package = 97F4C4EE281DC3A50029B919 /* XCRemoteSwiftPackageReference "lottie-ios" */;
			productName = Lottie;
		};
/* End XCSwiftPackageProductDependency section */
	};
	rootObject = 97D366BE270CD97300806238 /* Project object */;
}
